
Microsoft Visual Studio Solution File, Format Version 12.00
# Visual Studio Version 16
VisualStudioVersion = 16.0.29728.190
MinimumVisualStudioVersion = 10.0.40219.1
Project("{FAE04EC0-301F-11D3-BF4B-00C04F79EFBC}") = "Product.Api", "Product.Api\Product.Api.csproj", "{B914CC61-CC06-4129-9898-49D4CF905361}"
EndProject
Global
	GlobalSection(SolutionConfigurationPlatforms) = preSolution
		Debug|Any CPU = Debug|Any CPU
		Release|Any CPU = Release|Any CPU
	EndGlobalSection
	GlobalSection(ProjectConfigurationPlatforms) = postSolution
		{B914CC61-CC06-4129-9898-49D4CF905361}.Debug|Any CPU.ActiveCfg = Debug|Any CPU
		{B914CC61-CC06-4129-9898-49D4CF905361}.Debug|Any CPU.Build.0 = Debug|Any CPU
		{B914CC61-CC06-4129-9898-49D4CF905361}.Release|Any CPU.ActiveCfg = Release|Any CPU
		{B914CC61-CC06-4129-9898-49D4CF905361}.Release|Any CPU.Build.0 = Release|Any CPU
	EndGlobalSection
	GlobalSection(SolutionProperties) = preSolution
		HideSolutionNode = FALSE
	EndGlobalSection
	GlobalSection(ExtensibilityGlobals) = postSolution
		SolutionGuid = {14F807A0-3CE1-4066-97E3-6083E4749A01}
	EndGlobalSection
EndGlobal
